
Microsoft Visual Studio Solution File, Format Version 12.00
# Visual Studio Version 16
VisualStudioVersion = 16.0.31019.35
MinimumVisualStudioVersion = 10.0.40219.1
Project("{8BC9CEB8-8B4A-11D0-8D11-00A0C91BC942}") = "utility", "utility\utility.vcxproj", "{23A05239-EC2B-4D9C-9B6A-44A6859BBE3B}"
EndProject
Project("{8BC9CEB8-8B4A-11D0-8D11-00A0C91BC942}") = "utility-test", "utility-test\utility-test.vcxproj", "{31D19F61-52A0-4CCA-8017-6D33338F366C}"
EndProject
Project("{8BC9CEB8-8B4A-11D0-8D11-00A0C91BC942}") = "game_core", "game_core\game_core.vcxproj", "{570D4CC0-7E1C-4B52-BFA1-CD1CF384F7D1}"
EndProject
Project("{8BC9CEB8-8B4A-11D0-8D11-00A0C91BC942}") = "game_core-test", "game_core-test\game_core-test.vcxproj", "{CDDF5B62-20F9-4470-978D-2EF2308AFDD3}"
EndProject
Project("{8BC9CEB8-8B4A-11D0-8D11-00A0C91BC942}") = "simdjson", "simdjson\simdjson.vcxproj", "{1149FED0-4E72-4576-8F34-A0624957877C}"
EndProject
Global
	GlobalSection(SolutionConfigurationPlatforms) = preSolution
		Debug|x64 = Debug|x64
		Debug|x86 = Debug|x86
		Release|x64 = Release|x64
		Release|x86 = Release|x86
	EndGlobalSection
	GlobalSection(ProjectConfigurationPlatforms) = postSolution
		{23A05239-EC2B-4D9C-9B6A-44A6859BBE3B}.Debug|x64.ActiveCfg = Debug|x64
		{23A05239-EC2B-4D9C-9B6A-44A6859BBE3B}.Debug|x64.Build.0 = Debug|x64
		{23A05239-EC2B-4D9C-9B6A-44A6859BBE3B}.Debug|x86.ActiveCfg = Debug|x64
		{23A05239-EC2B-4D9C-9B6A-44A6859BBE3B}.Release|x64.ActiveCfg = Release|x64
		{23A05239-EC2B-4D9C-9B6A-44A6859BBE3B}.Release|x64.Build.0 = Release|x64
		{23A05239-EC2B-4D9C-9B6A-44A6859BBE3B}.Release|x86.ActiveCfg = Release|x64
		{31D19F61-52A0-4CCA-8017-6D33338F366C}.Debug|x64.ActiveCfg = Debug|x64
		{31D19F61-52A0-4CCA-8017-6D33338F366C}.Debug|x64.Build.0 = Debug|x64
		{31D19F61-52A0-4CCA-8017-6D33338F366C}.Debug|x86.ActiveCfg = Debug|x64
		{31D19F61-52A0-4CCA-8017-6D33338F366C}.Release|x64.ActiveCfg = Release|x64
		{31D19F61-52A0-4CCA-8017-6D33338F366C}.Release|x64.Build.0 = Release|x64
		{31D19F61-52A0-4CCA-8017-6D33338F366C}.Release|x86.ActiveCfg = Release|x64
		{570D4CC0-7E1C-4B52-BFA1-CD1CF384F7D1}.Debug|x64.ActiveCfg = Debug|x64
		{570D4CC0-7E1C-4B52-BFA1-CD1CF384F7D1}.Debug|x64.Build.0 = Debug|x64
		{570D4CC0-7E1C-4B52-BFA1-CD1CF384F7D1}.Debug|x86.ActiveCfg = Debug|x64
		{570D4CC0-7E1C-4B52-BFA1-CD1CF384F7D1}.Release|x64.ActiveCfg = Release|x64
		{570D4CC0-7E1C-4B52-BFA1-CD1CF384F7D1}.Release|x64.Build.0 = Release|x64
		{570D4CC0-7E1C-4B52-BFA1-CD1CF384F7D1}.Release|x86.ActiveCfg = Release|x64
		{CDDF5B62-20F9-4470-978D-2EF2308AFDD3}.Debug|x64.ActiveCfg = Debug|x64
		{CDDF5B62-20F9-4470-978D-2EF2308AFDD3}.Debug|x64.Build.0 = Debug|x64
		{CDDF5B62-20F9-4470-978D-2EF2308AFDD3}.Debug|x86.ActiveCfg = Debug|x64
		{CDDF5B62-20F9-4470-978D-2EF2308AFDD3}.Release|x64.ActiveCfg = Release|x64
		{CDDF5B62-20F9-4470-978D-2EF2308AFDD3}.Release|x64.Build.0 = Release|x64
		{CDDF5B62-20F9-4470-978D-2EF2308AFDD3}.Release|x86.ActiveCfg = Release|x64
		{1149FED0-4E72-4576-8F34-A0624957877C}.Debug|x64.ActiveCfg = Debug|x64
		{1149FED0-4E72-4576-8F34-A0624957877C}.Debug|x64.Build.0 = Debug|x64
		{1149FED0-4E72-4576-8F34-A0624957877C}.Debug|x86.ActiveCfg = Debug|x64
		{1149FED0-4E72-4576-8F34-A0624957877C}.Release|x64.ActiveCfg = Release|x64
		{1149FED0-4E72-4576-8F34-A0624957877C}.Release|x64.Build.0 = Release|x64
		{1149FED0-4E72-4576-8F34-A0624957877C}.Release|x86.ActiveCfg = Release|x64
	EndGlobalSection
	GlobalSection(SolutionProperties) = preSolution
		HideSolutionNode = FALSE
	EndGlobalSection
	GlobalSection(ExtensibilityGlobals) = postSolution
		SolutionGuid = {80A5E4D3-2B9B-4063-81BD-B51DFB79F910}
	EndGlobalSection
EndGlobal
