
Microsoft Visual Studio Solution File, Format Version 12.00
# Visual Studio Version 16
VisualStudioVersion = 16.0.30523.141
MinimumVisualStudioVersion = 10.0.40219.1
Project("{FAE04EC0-301F-11D3-BF4B-00C04F79EFBC}") = "MacroHeaderGenerator", "MacroHeaderGenerator\MacroHeaderGenerator.csproj", "{4CD10BC5-71F0-4142-B190-CCC80CD83CD9}"
EndProject
Global
	GlobalSection(SolutionConfigurationPlatforms) = preSolution
		Debug|Any CPU = Debug|Any CPU
		Release|Any CPU = Release|Any CPU
	EndGlobalSection
	GlobalSection(ProjectConfigurationPlatforms) = postSolution
		{4CD10BC5-71F0-4142-B190-CCC80CD83CD9}.Debug|Any CPU.ActiveCfg = Debug|Any CPU
		{4CD10BC5-71F0-4142-B190-CCC80CD83CD9}.Debug|Any CPU.Build.0 = Debug|Any CPU
		{4CD10BC5-71F0-4142-B190-CCC80CD83CD9}.Release|Any CPU.ActiveCfg = Release|Any CPU
		{4CD10BC5-71F0-4142-B190-CCC80CD83CD9}.Release|Any CPU.Build.0 = Release|Any CPU
	EndGlobalSection
	GlobalSection(SolutionProperties) = preSolution
		HideSolutionNode = FALSE
	EndGlobalSection
	GlobalSection(ExtensibilityGlobals) = postSolution
		SolutionGuid = {E39C3855-3F40-478E-8640-A8EA26EEB8C4}
	EndGlobalSection
EndGlobal
