<?xml version="1.0" encoding="utf-8"?>
<Project ToolsVersion="4.0" xmlns="http://schemas.microsoft.com/developer/msbuild/2003">
  <ItemGroup>
    <Filter Include="inlcude">
      <UniqueIdentifier>{5223bc8b-19cd-4750-ad30-710b98377616}</UniqueIdentifier>
    </Filter>
    <Filter Include="src">
      <UniqueIdentifier>{5636a468-9dd4-4cdb-8f0a-14cb44b75314}</UniqueIdentifier>
    </Filter>
    <Filter Include="inlcude\component">
      <UniqueIdentifier>{7354018a-1f57-4ca2-bb46-ad70d5767546}</UniqueIdentifier>
    </Filter>
    <Filter Include="inlcude\system">
      <UniqueIdentifier>{98ec7357-d8f7-40bf-b079-a9f88233026b}</UniqueIdentifier>
    </Filter>
  </ItemGroup>
  <ItemGroup>
    <ClInclude Include="include\component\transform.h">
      <Filter>inlcude\component</Filter>
    </ClInclude>
    <ClInclude Include="include\data_types.h">
      <Filter>inlcude</Filter>
    </ClInclude>
  </ItemGroup>
</Project>